
Microsoft Visual Studio Solution File, Format Version 12.00
# Visual Studio Version 16
VisualStudioVersion = 16.0.31410.357
MinimumVisualStudioVersion = 10.0.40219.1
Project("{9A19103F-16F7-4668-BE54-9A1E7A4F7556}") = "DataStructureProblems", "DataStructureProblems.csproj", "{14709208-5BE5-4DEC-9B3D-12B4FA292C2A}"
EndProject
Project("{9A19103F-16F7-4668-BE54-9A1E7A4F7556}") = "OrderedList", "..\OrderedList\OrderedList.csproj", "{1513EF38-3F82-49BE-8901-809A9CA98F79}"
EndProject
Project("{2150E333-8FDC-42A3-9474-1A3956D46DE8}") = "Solution Items", "Solution Items", "{EF929719-ED71-433D-9BA0-6EF8F900F94D}"
	ProjectSection(SolutionItems) = preProject
		NumberFile.txt = NumberFile.txt
		OrderedText.txt = OrderedText.txt
	EndProjectSection
EndProject
Project("{9A19103F-16F7-4668-BE54-9A1E7A4F7556}") = "UnorderedLIst", "..\UnorderedLIst\UnorderedLIst.csproj", "{6321C109-C9DC-4B4A-8D59-EB2383DF1109}"
EndProject
Project("{9A19103F-16F7-4668-BE54-9A1E7A4F7556}") = "BalancedParantheses", "..\BalancedParantheses\BalancedParantheses.csproj", "{73D6393A-11DA-448F-A4AA-C8C8A600F512}"
EndProject
Project("{9A19103F-16F7-4668-BE54-9A1E7A4F7556}") = "StackBalancedParantheses", "..\StackBalancedParantheses\StackBalancedParantheses.csproj", "{D0A55E1A-C532-4DD9-9D97-0A71304C3C08}"
EndProject
Project("{9A19103F-16F7-4668-BE54-9A1E7A4F7556}") = "Palindrome", "..\Palindrome\Palindrome.csproj", "{0FC92563-1732-4D25-9DD8-FA0E222AE052}"
EndProject
Project("{FAE04EC0-301F-11D3-BF4B-00C04F79EFBC}") = "HashTable", "..\HashTable\HashTable.csproj", "{C58C9B4B-DB23-41F3-B8B2-8C1115B3237C}"
EndProject
Project("{FAE04EC0-301F-11D3-BF4B-00C04F79EFBC}") = "CashCounter", "..\CashCounter\CashCounter.csproj", "{493C0E88-72C6-4DBE-96AD-5A391CCAB361}"
EndProject
Project("{FAE04EC0-301F-11D3-BF4B-00C04F79EFBC}") = "NumberOfBinarySearchTree", "..\NumberOfBinarySearchTree\NumberOfBinarySearchTree.csproj", "{CB8833FE-4508-4958-9AE8-2E21EAC7E60D}"
EndProject
Project("{FAE04EC0-301F-11D3-BF4B-00C04F79EFBC}") = "PrimeNumberArray", "..\PrimeNumberArray\PrimeNumberArray.csproj", "{676E7912-A339-473B-81A8-37928ED740DD}"
EndProject
Global
	GlobalSection(SolutionConfigurationPlatforms) = preSolution
		Debug|Any CPU = Debug|Any CPU
		Release|Any CPU = Release|Any CPU
	EndGlobalSection
	GlobalSection(ProjectConfigurationPlatforms) = postSolution
		{14709208-5BE5-4DEC-9B3D-12B4FA292C2A}.Debug|Any CPU.ActiveCfg = Debug|Any CPU
		{14709208-5BE5-4DEC-9B3D-12B4FA292C2A}.Debug|Any CPU.Build.0 = Debug|Any CPU
		{14709208-5BE5-4DEC-9B3D-12B4FA292C2A}.Release|Any CPU.ActiveCfg = Release|Any CPU
		{14709208-5BE5-4DEC-9B3D-12B4FA292C2A}.Release|Any CPU.Build.0 = Release|Any CPU
		{1513EF38-3F82-49BE-8901-809A9CA98F79}.Debug|Any CPU.ActiveCfg = Debug|Any CPU
		{1513EF38-3F82-49BE-8901-809A9CA98F79}.Debug|Any CPU.Build.0 = Debug|Any CPU
		{1513EF38-3F82-49BE-8901-809A9CA98F79}.Release|Any CPU.ActiveCfg = Release|Any CPU
		{1513EF38-3F82-49BE-8901-809A9CA98F79}.Release|Any CPU.Build.0 = Release|Any CPU
		{6321C109-C9DC-4B4A-8D59-EB2383DF1109}.Debug|Any CPU.ActiveCfg = Debug|Any CPU
		{6321C109-C9DC-4B4A-8D59-EB2383DF1109}.Debug|Any CPU.Build.0 = Debug|Any CPU
		{6321C109-C9DC-4B4A-8D59-EB2383DF1109}.Release|Any CPU.ActiveCfg = Release|Any CPU
		{6321C109-C9DC-4B4A-8D59-EB2383DF1109}.Release|Any CPU.Build.0 = Release|Any CPU
		{73D6393A-11DA-448F-A4AA-C8C8A600F512}.Debug|Any CPU.ActiveCfg = Debug|Any CPU
		{73D6393A-11DA-448F-A4AA-C8C8A600F512}.Debug|Any CPU.Build.0 = Debug|Any CPU
		{73D6393A-11DA-448F-A4AA-C8C8A600F512}.Release|Any CPU.ActiveCfg = Release|Any CPU
		{73D6393A-11DA-448F-A4AA-C8C8A600F512}.Release|Any CPU.Build.0 = Release|Any CPU
		{D0A55E1A-C532-4DD9-9D97-0A71304C3C08}.Debug|Any CPU.ActiveCfg = Debug|Any CPU
		{D0A55E1A-C532-4DD9-9D97-0A71304C3C08}.Debug|Any CPU.Build.0 = Debug|Any CPU
		{D0A55E1A-C532-4DD9-9D97-0A71304C3C08}.Release|Any CPU.ActiveCfg = Release|Any CPU
		{D0A55E1A-C532-4DD9-9D97-0A71304C3C08}.Release|Any CPU.Build.0 = Release|Any CPU
		{0FC92563-1732-4D25-9DD8-FA0E222AE052}.Debug|Any CPU.ActiveCfg = Debug|Any CPU
		{0FC92563-1732-4D25-9DD8-FA0E222AE052}.Debug|Any CPU.Build.0 = Debug|Any CPU
		{0FC92563-1732-4D25-9DD8-FA0E222AE052}.Release|Any CPU.ActiveCfg = Release|Any CPU
		{0FC92563-1732-4D25-9DD8-FA0E222AE052}.Release|Any CPU.Build.0 = Release|Any CPU
		{C58C9B4B-DB23-41F3-B8B2-8C1115B3237C}.Debug|Any CPU.ActiveCfg = Debug|Any CPU
		{C58C9B4B-DB23-41F3-B8B2-8C1115B3237C}.Debug|Any CPU.Build.0 = Debug|Any CPU
		{C58C9B4B-DB23-41F3-B8B2-8C1115B3237C}.Release|Any CPU.ActiveCfg = Release|Any CPU
		{C58C9B4B-DB23-41F3-B8B2-8C1115B3237C}.Release|Any CPU.Build.0 = Release|Any CPU
		{493C0E88-72C6-4DBE-96AD-5A391CCAB361}.Debug|Any CPU.ActiveCfg = Debug|Any CPU
		{493C0E88-72C6-4DBE-96AD-5A391CCAB361}.Debug|Any CPU.Build.0 = Debug|Any CPU
		{493C0E88-72C6-4DBE-96AD-5A391CCAB361}.Release|Any CPU.ActiveCfg = Release|Any CPU
		{493C0E88-72C6-4DBE-96AD-5A391CCAB361}.Release|Any CPU.Build.0 = Release|Any CPU
		{CB8833FE-4508-4958-9AE8-2E21EAC7E60D}.Debug|Any CPU.ActiveCfg = Debug|Any CPU
		{CB8833FE-4508-4958-9AE8-2E21EAC7E60D}.Debug|Any CPU.Build.0 = Debug|Any CPU
		{CB8833FE-4508-4958-9AE8-2E21EAC7E60D}.Release|Any CPU.ActiveCfg = Release|Any CPU
		{CB8833FE-4508-4958-9AE8-2E21EAC7E60D}.Release|Any CPU.Build.0 = Release|Any CPU
		{676E7912-A339-473B-81A8-37928ED740DD}.Debug|Any CPU.ActiveCfg = Debug|Any CPU
		{676E7912-A339-473B-81A8-37928ED740DD}.Debug|Any CPU.Build.0 = Debug|Any CPU
		{676E7912-A339-473B-81A8-37928ED740DD}.Release|Any CPU.ActiveCfg = Release|Any CPU
		{676E7912-A339-473B-81A8-37928ED740DD}.Release|Any CPU.Build.0 = Release|Any CPU
	EndGlobalSection
	GlobalSection(SolutionProperties) = preSolution
		HideSolutionNode = FALSE
	EndGlobalSection
	GlobalSection(ExtensibilityGlobals) = postSolution
		SolutionGuid = {C8AA2CED-C8CA-4E55-9C82-5D57180FAAE8}
	EndGlobalSection
EndGlobal
